
Microsoft Visual Studio Solution File, Format Version 11.00
# Visual Studio 2010
Project("{F184B08F-C81C-45F6-A57F-5ABD9991F28F}") = "InvoiceWebTest", "InvoiceWebTest\InvoiceWebTest.vbproj", "{12882A02-8784-4C0A-916A-CC220ED54C4A}"
EndProject
Project("{F184B08F-C81C-45F6-A57F-5ABD9991F28F}") = "CanadianNatural.InvoiceWebTest.BusinessObjects", "CanadianNatural.InvoiceWebTest.BusinessObjects\CanadianNatural.InvoiceWebTest.BusinessObjects.vbproj", "{4889B594-D540-40F4-B8D6-61941EDD54D2}"
EndProject
Global
	GlobalSection(TeamFoundationVersionControl) = preSolution
		SccNumberOfProjects = 3
		SccEnterpriseProvider = {4CA58AB2-18FA-4F8D-95D4-32DDF27D184C}
		SccTeamFoundationServer = http://teamfoundationserver:8080/tfs/defaultcollection
		SccLocalPath0 = .
		SccProjectUniqueName1 = CanadianNatural.InvoiceWebTest.BusinessObjects\\CanadianNatural.InvoiceWebTest.BusinessObjects.vbproj
		SccProjectName1 = CanadianNatural.InvoiceWebTest.BusinessObjects
		SccLocalPath1 = CanadianNatural.InvoiceWebTest.BusinessObjects
		SccProjectUniqueName2 = InvoiceWebTest\\InvoiceWebTest.vbproj
		SccProjectName2 = InvoiceWebTest
		SccLocalPath2 = InvoiceWebTest
	EndGlobalSection
	GlobalSection(SolutionConfigurationPlatforms) = preSolution
		Debug|Any CPU = Debug|Any CPU
		Release|Any CPU = Release|Any CPU
	EndGlobalSection
	GlobalSection(ProjectConfigurationPlatforms) = postSolution
		{12882A02-8784-4C0A-916A-CC220ED54C4A}.Debug|Any CPU.ActiveCfg = Debug|Any CPU
		{12882A02-8784-4C0A-916A-CC220ED54C4A}.Debug|Any CPU.Build.0 = Debug|Any CPU
		{12882A02-8784-4C0A-916A-CC220ED54C4A}.Release|Any CPU.ActiveCfg = Release|Any CPU
		{12882A02-8784-4C0A-916A-CC220ED54C4A}.Release|Any CPU.Build.0 = Release|Any CPU
		{4889B594-D540-40F4-B8D6-61941EDD54D2}.Debug|Any CPU.ActiveCfg = Debug|Any CPU
		{4889B594-D540-40F4-B8D6-61941EDD54D2}.Debug|Any CPU.Build.0 = Debug|Any CPU
		{4889B594-D540-40F4-B8D6-61941EDD54D2}.Release|Any CPU.ActiveCfg = Release|Any CPU
		{4889B594-D540-40F4-B8D6-61941EDD54D2}.Release|Any CPU.Build.0 = Release|Any CPU
	EndGlobalSection
	GlobalSection(SolutionProperties) = preSolution
		HideSolutionNode = FALSE
	EndGlobalSection
EndGlobal
